
Microsoft Visual Studio Solution File, Format Version 12.00
# Visual Studio Version 17
VisualStudioVersion = 17.8.34330.188
MinimumVisualStudioVersion = 10.0.40219.1
Project("{2150E333-8FDC-42A3-9474-1A3956D46DE8}") = "src", "src", "{74E93CC7-70D0-42FA-B1D1-66652B3297F4}"
EndProject
Project("{9A19103F-16F7-4668-BE54-9A1E7A4F7556}") = "Catalog.API", "Catalog.API\Catalog.API.csproj", "{244540F5-2DB6-42CB-981B-F1F1134644AA}"
EndProject
Project("{2150E333-8FDC-42A3-9474-1A3956D46DE8}") = "tests", "tests", "{0C3E30A4-E939-49AC-8C8E-03ED07ECBC2E}"
EndProject
Project("{2150E333-8FDC-42A3-9474-1A3956D46DE8}") = "Catalog", "Catalog", "{66902794-4BE5-4D25-A2B7-533EC04BDEE4}"
EndProject
Project("{2150E333-8FDC-42A3-9474-1A3956D46DE8}") = "Catalog.UnitTests", "Catalog.UnitTests", "{5DA6A826-737D-4AD0-8237-C2B45B0A92C7}"
EndProject
Project("{9A19103F-16F7-4668-BE54-9A1E7A4F7556}") = "Catalog.UnitTests", "Catalog.UnitTests\Catalog.UnitTests.csproj", "{C6CA9836-BBDB-48CC-AFAC-351ABE9CABAE}"
EndProject
Project("{2150E333-8FDC-42A3-9474-1A3956D46DE8}") = "Infrastructure", "Infrastructure", "{6CAF6026-7557-4441-B8A3-EA3D027B034D}"
EndProject
Project("{9A19103F-16F7-4668-BE54-9A1E7A4F7556}") = "Infrastructure", "Infrastructure\Infrastructure.csproj", "{AA8ED748-CA58-4719-A177-42F273DFB58D}"
EndProject
Project("{2150E333-8FDC-42A3-9474-1A3956D46DE8}") = "IdentityServer", "IdentityServer", "{B3920EF0-AC80-4E9E-A39E-710D65066789}"
EndProject
Project("{9A19103F-16F7-4668-BE54-9A1E7A4F7556}") = "IdentityServer", "IdentifyServer\IdentifyServer\IdentityServer.csproj", "{30BD8514-2A40-4A13-88E2-2CB760CB755B}"
EndProject
Project("{2150E333-8FDC-42A3-9474-1A3956D46DE8}") = "Solution Items", "Solution Items", "{6ABDCB1A-D083-4936-A89D-C31C6840A2B4}"
	ProjectSection(SolutionItems) = preProject
		docker-compose.yml = docker-compose.yml
	EndProjectSection
EndProject
Project("{2150E333-8FDC-42A3-9474-1A3956D46DE8}") = "Basket", "Basket", "{2CA8AC4F-F91E-48C4-A92E-69AF8BB1FD45}"
EndProject
Project("{9A19103F-16F7-4668-BE54-9A1E7A4F7556}") = "Basket.API", "Basket.API\Basket.API.csproj", "{038F4742-97DA-4AE9-BDB5-038706F48E99}"
EndProject
Project("{2150E333-8FDC-42A3-9474-1A3956D46DE8}") = "Basket.UnitTests", "Basket.UnitTests", "{F2655996-C35A-41F3-822C-E06063ABB486}"
EndProject
Project("{9A19103F-16F7-4668-BE54-9A1E7A4F7556}") = "Basket.UnitTests", "Basket.UnitTests\Basket.UnitTests.csproj", "{92140EF0-54D4-4F93-ADCE-3D5157F956E6}"
EndProject
Project("{2150E333-8FDC-42A3-9474-1A3956D46DE8}") = "Order", "Order", "{9A95D920-8673-4000-AB44-E1C89F1B3334}"
EndProject
Project("{9A19103F-16F7-4668-BE54-9A1E7A4F7556}") = "Order.API", "Order.API\Order.API.csproj", "{686A5CA9-4447-46F0-86E6-158E7201CF06}"
EndProject
Project("{2150E333-8FDC-42A3-9474-1A3956D46DE8}") = "Order.UnitTests", "Order.UnitTests", "{55BBE34C-FADD-428E-A9FF-C63FCCB67BDD}"
EndProject
Project("{FAE04EC0-301F-11D3-BF4B-00C04F79EFBC}") = "Order.UnitTests", "Order.UnitTests\Order.UnitTests.csproj", "{A7998753-E413-4358-8041-48A2E5598FD1}"
EndProject
Global
	GlobalSection(SolutionConfigurationPlatforms) = preSolution
		Debug|Any CPU = Debug|Any CPU
		Release|Any CPU = Release|Any CPU
	EndGlobalSection
	GlobalSection(ProjectConfigurationPlatforms) = postSolution
		{244540F5-2DB6-42CB-981B-F1F1134644AA}.Debug|Any CPU.ActiveCfg = Debug|Any CPU
		{244540F5-2DB6-42CB-981B-F1F1134644AA}.Debug|Any CPU.Build.0 = Debug|Any CPU
		{244540F5-2DB6-42CB-981B-F1F1134644AA}.Release|Any CPU.ActiveCfg = Release|Any CPU
		{244540F5-2DB6-42CB-981B-F1F1134644AA}.Release|Any CPU.Build.0 = Release|Any CPU
		{C6CA9836-BBDB-48CC-AFAC-351ABE9CABAE}.Debug|Any CPU.ActiveCfg = Debug|Any CPU
		{C6CA9836-BBDB-48CC-AFAC-351ABE9CABAE}.Debug|Any CPU.Build.0 = Debug|Any CPU
		{C6CA9836-BBDB-48CC-AFAC-351ABE9CABAE}.Release|Any CPU.ActiveCfg = Release|Any CPU
		{C6CA9836-BBDB-48CC-AFAC-351ABE9CABAE}.Release|Any CPU.Build.0 = Release|Any CPU
		{AA8ED748-CA58-4719-A177-42F273DFB58D}.Debug|Any CPU.ActiveCfg = Debug|Any CPU
		{AA8ED748-CA58-4719-A177-42F273DFB58D}.Debug|Any CPU.Build.0 = Debug|Any CPU
		{AA8ED748-CA58-4719-A177-42F273DFB58D}.Release|Any CPU.ActiveCfg = Release|Any CPU
		{AA8ED748-CA58-4719-A177-42F273DFB58D}.Release|Any CPU.Build.0 = Release|Any CPU
		{30BD8514-2A40-4A13-88E2-2CB760CB755B}.Debug|Any CPU.ActiveCfg = Debug|Any CPU
		{30BD8514-2A40-4A13-88E2-2CB760CB755B}.Debug|Any CPU.Build.0 = Debug|Any CPU
		{30BD8514-2A40-4A13-88E2-2CB760CB755B}.Release|Any CPU.ActiveCfg = Release|Any CPU
		{30BD8514-2A40-4A13-88E2-2CB760CB755B}.Release|Any CPU.Build.0 = Release|Any CPU
		{038F4742-97DA-4AE9-BDB5-038706F48E99}.Debug|Any CPU.ActiveCfg = Debug|Any CPU
		{038F4742-97DA-4AE9-BDB5-038706F48E99}.Debug|Any CPU.Build.0 = Debug|Any CPU
		{038F4742-97DA-4AE9-BDB5-038706F48E99}.Release|Any CPU.ActiveCfg = Release|Any CPU
		{038F4742-97DA-4AE9-BDB5-038706F48E99}.Release|Any CPU.Build.0 = Release|Any CPU
		{92140EF0-54D4-4F93-ADCE-3D5157F956E6}.Debug|Any CPU.ActiveCfg = Debug|Any CPU
		{92140EF0-54D4-4F93-ADCE-3D5157F956E6}.Debug|Any CPU.Build.0 = Debug|Any CPU
		{92140EF0-54D4-4F93-ADCE-3D5157F956E6}.Release|Any CPU.ActiveCfg = Release|Any CPU
		{92140EF0-54D4-4F93-ADCE-3D5157F956E6}.Release|Any CPU.Build.0 = Release|Any CPU
		{686A5CA9-4447-46F0-86E6-158E7201CF06}.Debug|Any CPU.ActiveCfg = Debug|Any CPU
		{686A5CA9-4447-46F0-86E6-158E7201CF06}.Debug|Any CPU.Build.0 = Debug|Any CPU
		{686A5CA9-4447-46F0-86E6-158E7201CF06}.Release|Any CPU.ActiveCfg = Release|Any CPU
		{686A5CA9-4447-46F0-86E6-158E7201CF06}.Release|Any CPU.Build.0 = Release|Any CPU
		{A7998753-E413-4358-8041-48A2E5598FD1}.Debug|Any CPU.ActiveCfg = Debug|Any CPU
		{A7998753-E413-4358-8041-48A2E5598FD1}.Debug|Any CPU.Build.0 = Debug|Any CPU
		{A7998753-E413-4358-8041-48A2E5598FD1}.Release|Any CPU.ActiveCfg = Release|Any CPU
		{A7998753-E413-4358-8041-48A2E5598FD1}.Release|Any CPU.Build.0 = Release|Any CPU
	EndGlobalSection
	GlobalSection(SolutionProperties) = preSolution
		HideSolutionNode = FALSE
	EndGlobalSection
	GlobalSection(NestedProjects) = preSolution
		{244540F5-2DB6-42CB-981B-F1F1134644AA} = {66902794-4BE5-4D25-A2B7-533EC04BDEE4}
		{66902794-4BE5-4D25-A2B7-533EC04BDEE4} = {74E93CC7-70D0-42FA-B1D1-66652B3297F4}
		{5DA6A826-737D-4AD0-8237-C2B45B0A92C7} = {0C3E30A4-E939-49AC-8C8E-03ED07ECBC2E}
		{C6CA9836-BBDB-48CC-AFAC-351ABE9CABAE} = {5DA6A826-737D-4AD0-8237-C2B45B0A92C7}
		{6CAF6026-7557-4441-B8A3-EA3D027B034D} = {74E93CC7-70D0-42FA-B1D1-66652B3297F4}
		{AA8ED748-CA58-4719-A177-42F273DFB58D} = {6CAF6026-7557-4441-B8A3-EA3D027B034D}
		{B3920EF0-AC80-4E9E-A39E-710D65066789} = {74E93CC7-70D0-42FA-B1D1-66652B3297F4}
		{30BD8514-2A40-4A13-88E2-2CB760CB755B} = {B3920EF0-AC80-4E9E-A39E-710D65066789}
		{2CA8AC4F-F91E-48C4-A92E-69AF8BB1FD45} = {74E93CC7-70D0-42FA-B1D1-66652B3297F4}
		{038F4742-97DA-4AE9-BDB5-038706F48E99} = {2CA8AC4F-F91E-48C4-A92E-69AF8BB1FD45}
		{F2655996-C35A-41F3-822C-E06063ABB486} = {0C3E30A4-E939-49AC-8C8E-03ED07ECBC2E}
		{92140EF0-54D4-4F93-ADCE-3D5157F956E6} = {F2655996-C35A-41F3-822C-E06063ABB486}
		{9A95D920-8673-4000-AB44-E1C89F1B3334} = {74E93CC7-70D0-42FA-B1D1-66652B3297F4}
		{686A5CA9-4447-46F0-86E6-158E7201CF06} = {9A95D920-8673-4000-AB44-E1C89F1B3334}
		{55BBE34C-FADD-428E-A9FF-C63FCCB67BDD} = {0C3E30A4-E939-49AC-8C8E-03ED07ECBC2E}
		{A7998753-E413-4358-8041-48A2E5598FD1} = {55BBE34C-FADD-428E-A9FF-C63FCCB67BDD}
	EndGlobalSection
	GlobalSection(ExtensibilityGlobals) = postSolution
		SolutionGuid = {2C1FAC56-2AE3-4C31-AEF0-74B28E296600}
	EndGlobalSection
EndGlobal
